{
  "nodes": {
    "fenix": {
      "inputs": {
        "nixpkgs": [
          "nixpkgs"
        ],
        "rust-analyzer-src": "rust-analyzer-src"
      },
      "locked": {
        "lastModified": 1769929675,
        "narHash": "sha256-EBpe7sXCPLs+qVePXbA7kc+Kmpmp0pWysEpjjEWTK+E=",
        "owner": "nix-community",
        "repo": "fenix",
        "rev": "78d518f5ca32a86dc767de481160dbae640c70cf",
        "type": "github"
      },
      "original": {
        "owner": "nix-community",
        "ref": "monthly",
        "repo": "fenix",
        "type": "github"
      }
    },
    "nixpkgs": {
      "locked": {
        "lastModified": 1771574726,
        "narHash": "sha256-D1PA3xQv/s4W3lnR9yJFSld8UOLr0a/cBWMQMXS+1Qg=",
        "owner": "nixos",
        "repo": "nixpkgs",
        "rev": "c217913993d6c6f6805c3b1a3bda5e639adfde6d",
        "type": "github"
      },
      "original": {
        "owner": "nixos",
        "ref": "nixos-25.11",
        "repo": "nixpkgs",
        "type": "github"
      }
    },
    "pimalaya": {
      "flake": false,
      "locked": {
        "lastModified": 1770914484,
        "narHash": "sha256-kPxdpg98/EVQKLkUdiFEYWWWI1uTLWfIewyCmb4ZfpE=",
        "owner": "pimalaya",
        "repo": "nix",
        "rev": "23454cd59e2a32199a67f36f3b13cd5145b5ffb3",
        "type": "github"
      },
      "original": {
        "owner": "pimalaya",
        "repo": "nix",
        "type": "github"
      }
    },
    "root": {
      "inputs": {
        "fenix": "fenix",
        "nixpkgs": "nixpkgs",
        "pimalaya": "pimalaya"
      }
    },
    "rust-analyzer-src": {
      "flake": false,
      "locked": {
        "lastModified": 1769857242,
        "narHash": "sha256-3eKpRRzKz0KzY7CJzRXFm4POwEqbuTohyQ2ajI/zKvg=",
        "owner": "rust-lang",
        "repo": "rust-analyzer",
        "rev": "17304e9c7e11d26139672d3d77aa498b1cae0d69",
        "type": "github"
      },
      "original": {
        "owner": "rust-lang",
        "ref": "nightly",
        "repo": "rust-analyzer",
        "type": "github"
      }
    }
  },
  "root": "root",
  "version": 7
}
